
Microsoft Visual Studio Solution File, Format Version 12.00
# Visual Studio Version 17
VisualStudioVersion = 17.14.36414.22
MinimumVisualStudioVersion = 10.0.40219.1
Project("{FAE04EC0-301F-11D3-BF4B-00C04F79EFBC}") = "kata-fizz-buzz", "kata-fizz-buzz\kata-fizz-buzz.csproj", "{118FF516-57C2-40C2-B3B1-ECDAB6E3BF72}"
EndProject
Project("{FAE04EC0-301F-11D3-BF4B-00C04F79EFBC}") = "kata-fizz-buzz.Tests", "kata-fizz-buzz.Tests\kata-fizz-buzz.Tests.csproj", "{DDD9693E-0A21-4F8A-B606-51C213DBBE9D}"
EndProject
Project("{2150E333-8FDC-42A3-9474-1A3956D46DE8}") = "Solution Items", "Solution Items", "{8EC462FD-D22E-90A8-E5CE-7E832BA40C5D}"
	ProjectSection(SolutionItems) = preProject
		.gitignore = .gitignore
		README.md = README.md
	EndProjectSection
EndProject
Global
	GlobalSection(SolutionConfigurationPlatforms) = preSolution
		Debug|Any CPU = Debug|Any CPU
		Release|Any CPU = Release|Any CPU
	EndGlobalSection
	GlobalSection(ProjectConfigurationPlatforms) = postSolution
		{118FF516-57C2-40C2-B3B1-ECDAB6E3BF72}.Debug|Any CPU.ActiveCfg = Debug|Any CPU
		{118FF516-57C2-40C2-B3B1-ECDAB6E3BF72}.Debug|Any CPU.Build.0 = Debug|Any CPU
		{118FF516-57C2-40C2-B3B1-ECDAB6E3BF72}.Release|Any CPU.ActiveCfg = Release|Any CPU
		{118FF516-57C2-40C2-B3B1-ECDAB6E3BF72}.Release|Any CPU.Build.0 = Release|Any CPU
		{DDD9693E-0A21-4F8A-B606-51C213DBBE9D}.Debug|Any CPU.ActiveCfg = Debug|Any CPU
		{DDD9693E-0A21-4F8A-B606-51C213DBBE9D}.Debug|Any CPU.Build.0 = Debug|Any CPU
		{DDD9693E-0A21-4F8A-B606-51C213DBBE9D}.Release|Any CPU.ActiveCfg = Release|Any CPU
		{DDD9693E-0A21-4F8A-B606-51C213DBBE9D}.Release|Any CPU.Build.0 = Release|Any CPU
	EndGlobalSection
	GlobalSection(SolutionProperties) = preSolution
		HideSolutionNode = FALSE
	EndGlobalSection
	GlobalSection(ExtensibilityGlobals) = postSolution
		SolutionGuid = {3342A7A6-7CB4-4BE8-9967-0F60249740BF}
	EndGlobalSection
EndGlobal
